
Microsoft Visual Studio Solution File, Format Version 12.00
# Visual Studio Version 16
VisualStudioVersion = 16.0.30413.136
MinimumVisualStudioVersion = 10.0.40219.1
Project("{FAE04EC0-301F-11D3-BF4B-00C04F79EFBC}") = "CategoryClient", "CategoryClient\CategoryClient.csproj", "{1232E653-D2D2-4B3B-BA43-CEFD623CB370}"
EndProject
Global
	GlobalSection(SolutionConfigurationPlatforms) = preSolution
		Debug|Any CPU = Debug|Any CPU
		Release|Any CPU = Release|Any CPU
	EndGlobalSection
	GlobalSection(ProjectConfigurationPlatforms) = postSolution
		{1232E653-D2D2-4B3B-BA43-CEFD623CB370}.Debug|Any CPU.ActiveCfg = Debug|Any CPU
		{1232E653-D2D2-4B3B-BA43-CEFD623CB370}.Debug|Any CPU.Build.0 = Debug|Any CPU
		{1232E653-D2D2-4B3B-BA43-CEFD623CB370}.Release|Any CPU.ActiveCfg = Release|Any CPU
		{1232E653-D2D2-4B3B-BA43-CEFD623CB370}.Release|Any CPU.Build.0 = Release|Any CPU
	EndGlobalSection
	GlobalSection(SolutionProperties) = preSolution
		HideSolutionNode = FALSE
	EndGlobalSection
	GlobalSection(ExtensibilityGlobals) = postSolution
		SolutionGuid = {12114375-A052-475D-A0AC-D877E31E8726}
	EndGlobalSection
EndGlobal
